
Microsoft Visual Studio Solution File, Format Version 12.00
# Visual Studio Version 16
VisualStudioVersion = 16.0.30128.74
MinimumVisualStudioVersion = 10.0.40219.1
Project("{FAE04EC0-301F-11D3-BF4B-00C04F79EFBC}") = "MySocialMedia.Server", "MySocialMedia.Server\MySocialMedia.Server.csproj", "{90A03907-F2F9-43B2-823B-BB070D0D7398}"
EndProject
Global
	GlobalSection(SolutionConfigurationPlatforms) = preSolution
		Debug|Any CPU = Debug|Any CPU
		Release|Any CPU = Release|Any CPU
	EndGlobalSection
	GlobalSection(ProjectConfigurationPlatforms) = postSolution
		{90A03907-F2F9-43B2-823B-BB070D0D7398}.Debug|Any CPU.ActiveCfg = Debug|Any CPU
		{90A03907-F2F9-43B2-823B-BB070D0D7398}.Debug|Any CPU.Build.0 = Debug|Any CPU
		{90A03907-F2F9-43B2-823B-BB070D0D7398}.Release|Any CPU.ActiveCfg = Release|Any CPU
		{90A03907-F2F9-43B2-823B-BB070D0D7398}.Release|Any CPU.Build.0 = Release|Any CPU
	EndGlobalSection
	GlobalSection(SolutionProperties) = preSolution
		HideSolutionNode = FALSE
	EndGlobalSection
	GlobalSection(ExtensibilityGlobals) = postSolution
		SolutionGuid = {8A84889C-2C0A-47B5-9E09-876969C30E85}
	EndGlobalSection
EndGlobal
